
Microsoft Visual Studio Solution File, Format Version 12.00
# Visual Studio 15
VisualStudioVersion = 15.0.28307.136
MinimumVisualStudioVersion = 10.0.40219.1
Project("{FAE04EC0-301F-11D3-BF4B-00C04F79EFBC}") = "FModel", "FModel\FModel.csproj", "{71A31C47-30BC-4CB5-AD89-81E5008F4BEB}"
EndProject
Global
	GlobalSection(SolutionConfigurationPlatforms) = preSolution
		Debug|Any CPU = Debug|Any CPU
		Release|Any CPU = Release|Any CPU
	EndGlobalSection
	GlobalSection(ProjectConfigurationPlatforms) = postSolution
		{71A31C47-30BC-4CB5-AD89-81E5008F4BEB}.Debug|Any CPU.ActiveCfg = Debug|Any CPU
		{71A31C47-30BC-4CB5-AD89-81E5008F4BEB}.Debug|Any CPU.Build.0 = Debug|Any CPU
		{71A31C47-30BC-4CB5-AD89-81E5008F4BEB}.Release|Any CPU.ActiveCfg = Release|Any CPU
		{71A31C47-30BC-4CB5-AD89-81E5008F4BEB}.Release|Any CPU.Build.0 = Release|Any CPU
	EndGlobalSection
	GlobalSection(SolutionProperties) = preSolution
		HideSolutionNode = FALSE
	EndGlobalSection
	GlobalSection(ExtensibilityGlobals) = postSolution
		SolutionGuid = {CBD904D1-57AE-4FCF-B773-F675B4C3C0A6}
	EndGlobalSection
EndGlobal
