
Microsoft Visual Studio Solution File, Format Version 12.00
# Visual Studio 15
VisualStudioVersion = 15.0.28307.136
MinimumVisualStudioVersion = 10.0.40219.1
Project("{FAE04EC0-301F-11D3-BF4B-00C04F79EFBC}") = "FModel", "FModel\FModel.csproj", "{8FABCD3A-9D55-4B54-B237-B259D815DEB8}"
EndProject
Global
	GlobalSection(SolutionConfigurationPlatforms) = preSolution
		Debug|Any CPU = Debug|Any CPU
		Release|Any CPU = Release|Any CPU
	EndGlobalSection
	GlobalSection(ProjectConfigurationPlatforms) = postSolution
		{8FABCD3A-9D55-4B54-B237-B259D815DEB8}.Debug|Any CPU.ActiveCfg = Debug|Any CPU
		{8FABCD3A-9D55-4B54-B237-B259D815DEB8}.Debug|Any CPU.Build.0 = Debug|Any CPU
		{8FABCD3A-9D55-4B54-B237-B259D815DEB8}.Release|Any CPU.ActiveCfg = Release|Any CPU
		{8FABCD3A-9D55-4B54-B237-B259D815DEB8}.Release|Any CPU.Build.0 = Release|Any CPU
	EndGlobalSection
	GlobalSection(SolutionProperties) = preSolution
		HideSolutionNode = FALSE
	EndGlobalSection
	GlobalSection(ExtensibilityGlobals) = postSolution
		SolutionGuid = {3D4827DE-E5BC-4FA0-9D6B-6804C8F3BA96}
	EndGlobalSection
EndGlobal
