
Microsoft Visual Studio Solution File, Format Version 12.00
# Visual Studio Version 16
VisualStudioVersion = 16.0.30804.86
MinimumVisualStudioVersion = 10.0.40219.1
Project("{9A19103F-16F7-4668-BE54-9A1E7A4F7556}") = "FModel", "FModel.csproj", "{B1F494EA-90A6-4C24-800E-2F724A1884CA}"
EndProject
Project("{9A19103F-16F7-4668-BE54-9A1E7A4F7556}") = "CUE4Parse", "..\CUE4Parse\CUE4Parse\CUE4Parse.csproj", "{C4620341-BBB7-4384-AC7D-5082D3E0386E}"
EndProject
Project("{9A19103F-16F7-4668-BE54-9A1E7A4F7556}") = "CUE4Parse-Fortnite", "..\CUE4Parse\CUE4Parse-Fortnite\CUE4Parse-Fortnite.csproj", "{7765FB4C-B54D-427B-ABB6-1073687E56BD}"
EndProject
Project("{9A19103F-16F7-4668-BE54-9A1E7A4F7556}") = "CUE4Parse-Conversion", "..\CUE4Parse\CUE4Parse-Conversion\CUE4Parse-Conversion.csproj", "{D0E1E8F7-F56D-469A-8E24-C2439B9FFD83}"
EndProject
Global
	GlobalSection(SolutionConfigurationPlatforms) = preSolution
		Debug|Any CPU = Debug|Any CPU
		Release|Any CPU = Release|Any CPU
	EndGlobalSection
	GlobalSection(ProjectConfigurationPlatforms) = postSolution
		{B1F494EA-90A6-4C24-800E-2F724A1884CA}.Debug|Any CPU.ActiveCfg = Debug|Any CPU
		{B1F494EA-90A6-4C24-800E-2F724A1884CA}.Debug|Any CPU.Build.0 = Debug|Any CPU
		{B1F494EA-90A6-4C24-800E-2F724A1884CA}.Release|Any CPU.ActiveCfg = Release|Any CPU
		{B1F494EA-90A6-4C24-800E-2F724A1884CA}.Release|Any CPU.Build.0 = Release|Any CPU
		{C4620341-BBB7-4384-AC7D-5082D3E0386E}.Debug|Any CPU.ActiveCfg = Debug|Any CPU
		{C4620341-BBB7-4384-AC7D-5082D3E0386E}.Debug|Any CPU.Build.0 = Debug|Any CPU
		{C4620341-BBB7-4384-AC7D-5082D3E0386E}.Release|Any CPU.ActiveCfg = Release|Any CPU
		{C4620341-BBB7-4384-AC7D-5082D3E0386E}.Release|Any CPU.Build.0 = Release|Any CPU
		{7765FB4C-B54D-427B-ABB6-1073687E56BD}.Debug|Any CPU.ActiveCfg = Debug|Any CPU
		{7765FB4C-B54D-427B-ABB6-1073687E56BD}.Debug|Any CPU.Build.0 = Debug|Any CPU
		{7765FB4C-B54D-427B-ABB6-1073687E56BD}.Release|Any CPU.ActiveCfg = Release|Any CPU
		{7765FB4C-B54D-427B-ABB6-1073687E56BD}.Release|Any CPU.Build.0 = Release|Any CPU
		{D0E1E8F7-F56D-469A-8E24-C2439B9FFD83}.Debug|Any CPU.ActiveCfg = Debug|Any CPU
		{D0E1E8F7-F56D-469A-8E24-C2439B9FFD83}.Debug|Any CPU.Build.0 = Debug|Any CPU
		{D0E1E8F7-F56D-469A-8E24-C2439B9FFD83}.Release|Any CPU.ActiveCfg = Release|Any CPU
		{D0E1E8F7-F56D-469A-8E24-C2439B9FFD83}.Release|Any CPU.Build.0 = Release|Any CPU
	EndGlobalSection
	GlobalSection(SolutionProperties) = preSolution
		HideSolutionNode = FALSE
	EndGlobalSection
	GlobalSection(ExtensibilityGlobals) = postSolution
		SolutionGuid = {53DB7A15-4E15-4575-9402-0110BDF2794E}
	EndGlobalSection
EndGlobal
